<?xml version="1.0" encoding="utf-8"?>
<Project ToolsVersion="4.0" xmlns="http://schemas.microsoft.com/developer/msbuild/2003">
  <ItemGroup>
    <Filter Include="Default">
      <UniqueIdentifier>{9ceafc54-ac6d-4878-bf00-bdf9e229651c}</UniqueIdentifier>
    </Filter>
    <Filter Include="Scripts">
      <UniqueIdentifier>{b5e7cc46-4e75-4efa-a9d8-333d8c4e2207}</UniqueIdentifier>
    </Filter>
  </ItemGroup>
  <ItemGroup>
    <ClInclude Include="framework.h">
      <Filter>Default</Filter>
    </ClInclude>
    <ClInclude Include="spch.h">
      <Filter>Default</Filter>
    </ClInclude>
    <ClInclude Include="CCameraMoveScript.h">
      <Filter>Scripts</Filter>
    </ClInclude>
    <ClInclude Include="CPlayerScript.h">
      <Filter>Scripts</Filter>
    </ClInclude>
    <ClInclude Include="CScriptMgr.h" />
    <ClInclude Include="CBackGroundScript.h">
      <Filter>Scripts</Filter>
    </ClInclude>
    <ClInclude Include="CNPCScript.h">
      <Filter>Scripts</Filter>
    </ClInclude>
    <ClInclude Include="CSpriteRenderScript.h">
      <Filter>Scripts</Filter>
    </ClInclude>
    <ClInclude Include="CParticleScript.h">
      <Filter>Scripts</Filter>
    </ClInclude>
    <ClInclude Include="CTintedBGScript.h">
      <Filter>Scripts</Filter>
    </ClInclude>
    <ClInclude Include="CPlatformScript.h">
      <Filter>Scripts</Filter>
    </ClInclude>
    <ClInclude Include="CAttackScript.h">
      <Filter>Scripts</Filter>
    </ClInclude>
    <ClInclude Include="CBellScript.h">
      <Filter>Scripts</Filter>
    </ClInclude>
    <ClInclude Include="CWaterScript.h">
      <Filter>Scripts</Filter>
    </ClInclude>
    <ClInclude Include="CDemonScript.h">
      <Filter>Scripts</Filter>
    </ClInclude>
    <ClInclude Include="CNPCUIScript.h">
      <Filter>Scripts</Filter>
    </ClInclude>
    <ClInclude Include="CHellfireScript.h">
      <Filter>Scripts</Filter>
    </ClInclude>
    <ClInclude Include="CLinethScript.h">
      <Filter>Scripts</Filter>
    </ClInclude>
    <ClInclude Include="CManagerScript.h">
      <Filter>Scripts</Filter>
    </ClInclude>
  </ItemGroup>
  <ItemGroup>
    <ClCompile Include="spch.cpp">
      <Filter>Default</Filter>
    </ClCompile>
    <ClCompile Include="Scripts.cpp">
      <Filter>Default</Filter>
    </ClCompile>
    <ClCompile Include="CCameraMoveScript.cpp">
      <Filter>Scripts</Filter>
    </ClCompile>
    <ClCompile Include="CPlayerScript.cpp">
      <Filter>Scripts</Filter>
    </ClCompile>
    <ClCompile Include="CScriptMgr.cpp" />
    <ClCompile Include="CBackGroundScript.cpp">
      <Filter>Scripts</Filter>
    </ClCompile>
    <ClCompile Include="CNPCScript.cpp">
      <Filter>Scripts</Filter>
    </ClCompile>
    <ClCompile Include="CSpriteRenderScript.cpp">
      <Filter>Scripts</Filter>
    </ClCompile>
    <ClCompile Include="CParticleScript.cpp">
      <Filter>Scripts</Filter>
    </ClCompile>
    <ClCompile Include="CTintedBGScript.cpp">
      <Filter>Scripts</Filter>
    </ClCompile>
    <ClCompile Include="CPlatformScript.cpp">
      <Filter>Scripts</Filter>
    </ClCompile>
    <ClCompile Include="CAttackScript.cpp">
      <Filter>Scripts</Filter>
    </ClCompile>
    <ClCompile Include="CBellScript.cpp">
      <Filter>Scripts</Filter>
    </ClCompile>
    <ClCompile Include="CWaterScript.cpp">
      <Filter>Scripts</Filter>
    </ClCompile>
    <ClCompile Include="CDemonScript.cpp">
      <Filter>Scripts</Filter>
    </ClCompile>
    <ClCompile Include="CNPCUIScript.cpp">
      <Filter>Scripts</Filter>
    </ClCompile>
    <ClCompile Include="CHellfireScript.cpp">
      <Filter>Scripts</Filter>
    </ClCompile>
    <ClCompile Include="CLinethScript.cpp">
      <Filter>Scripts</Filter>
    </ClCompile>
    <ClCompile Include="CManagerScript.cpp">
      <Filter>Scripts</Filter>
    </ClCompile>
  </ItemGroup>
</Project>