<?xml version="1.0" encoding="utf-8"?>
<Project ToolsVersion="4.0" xmlns="http://schemas.microsoft.com/developer/msbuild/2003">
  <ItemGroup>
    <Filter Include="Default">
      <UniqueIdentifier>{9ceafc54-ac6d-4878-bf00-bdf9e229651c}</UniqueIdentifier>
    </Filter>
    <Filter Include="Scripts">
      <UniqueIdentifier>{b5e7cc46-4e75-4efa-a9d8-333d8c4e2207}</UniqueIdentifier>
    </Filter>
    <Filter Include="Scripts\NPC">
      <UniqueIdentifier>{71fa2564-db76-45af-b0e9-527d3211644b}</UniqueIdentifier>
    </Filter>
    <Filter Include="Scripts\Attack">
      <UniqueIdentifier>{bd0c63c6-a36d-4149-a38d-679fb3bca313}</UniqueIdentifier>
    </Filter>
    <Filter Include="Scripts\Title">
      <UniqueIdentifier>{95d7e696-7932-410e-904d-0ed7115a64f9}</UniqueIdentifier>
    </Filter>
    <Filter Include="Scripts\UI">
      <UniqueIdentifier>{ad66beda-9f58-44ed-87c1-6b458eef9bff}</UniqueIdentifier>
    </Filter>
    <Filter Include="Scripts\Generic">
      <UniqueIdentifier>{918456cb-1edd-48c9-b393-4d9b73bedcc8}</UniqueIdentifier>
    </Filter>
    <Filter Include="Scripts\Monster">
      <UniqueIdentifier>{22b5ffcc-11fd-46f4-928f-2ffaef11fb74}</UniqueIdentifier>
    </Filter>
    <Filter Include="Scripts\Monster\Lineth">
      <UniqueIdentifier>{5f0f554d-ed3d-4f51-91f2-dccd596fdcf5}</UniqueIdentifier>
    </Filter>
    <Filter Include="Scripts\Monster\DemonBoss">
      <UniqueIdentifier>{30b1d862-e58b-4ca4-855d-aa58bebe4702}</UniqueIdentifier>
    </Filter>
  </ItemGroup>
  <ItemGroup>
    <ClInclude Include="framework.h">
      <Filter>Default</Filter>
    </ClInclude>
    <ClInclude Include="spch.h">
      <Filter>Default</Filter>
    </ClInclude>
    <ClInclude Include="CPlayerScript.h">
      <Filter>Scripts</Filter>
    </ClInclude>
    <ClInclude Include="CScriptMgr.h" />
    <ClInclude Include="CLevelTransitionScript.h">
      <Filter>Scripts</Filter>
    </ClInclude>
    <ClInclude Include="CNPCScript.h">
      <Filter>Scripts\NPC</Filter>
    </ClInclude>
    <ClInclude Include="CArrowScript.h">
      <Filter>Scripts\Attack</Filter>
    </ClInclude>
    <ClInclude Include="CAttackScript.h">
      <Filter>Scripts\Attack</Filter>
    </ClInclude>
    <ClInclude Include="CMonsterAttack.h">
      <Filter>Scripts\Attack</Filter>
    </ClInclude>
    <ClInclude Include="CNPCBehavior.h">
      <Filter>Scripts\NPC</Filter>
    </ClInclude>
    <ClInclude Include="CSigil.h">
      <Filter>Scripts\Title</Filter>
    </ClInclude>
    <ClInclude Include="CTitleSequence.h">
      <Filter>Scripts\Title</Filter>
    </ClInclude>
    <ClInclude Include="CUIBarScript.h">
      <Filter>Scripts\UI</Filter>
    </ClInclude>
    <ClInclude Include="CNPCUIScript.h">
      <Filter>Scripts\UI</Filter>
    </ClInclude>
    <ClInclude Include="CMinimap.h">
      <Filter>Scripts\UI</Filter>
    </ClInclude>
    <ClInclude Include="CBackGroundScript.h">
      <Filter>Scripts\Generic</Filter>
    </ClInclude>
    <ClInclude Include="CBellScript.h">
      <Filter>Scripts\Generic</Filter>
    </ClInclude>
    <ClInclude Include="CBlurControl.h">
      <Filter>Scripts\Generic</Filter>
    </ClInclude>
    <ClInclude Include="CCameraMoveScript.h">
      <Filter>Scripts\Generic</Filter>
    </ClInclude>
    <ClInclude Include="CParticleScript.h">
      <Filter>Scripts\Generic</Filter>
    </ClInclude>
    <ClInclude Include="CPlatformScript.h">
      <Filter>Scripts\Generic</Filter>
    </ClInclude>
    <ClInclude Include="CSpriteRenderScript.h">
      <Filter>Scripts\Generic</Filter>
    </ClInclude>
    <ClInclude Include="CTintedBGScript.h">
      <Filter>Scripts\Generic</Filter>
    </ClInclude>
    <ClInclude Include="CWaterScript.h">
      <Filter>Scripts\Generic</Filter>
    </ClInclude>
    <ClInclude Include="CLinethScript.h">
      <Filter>Scripts\Monster\Lineth</Filter>
    </ClInclude>
    <ClInclude Include="CLinethSequence.h">
      <Filter>Scripts\Monster\Lineth</Filter>
    </ClInclude>
    <ClInclude Include="CDemonScript.h">
      <Filter>Scripts\Monster\DemonBoss</Filter>
    </ClInclude>
    <ClInclude Include="CHellfireScript.h">
      <Filter>Scripts\Monster\DemonBoss</Filter>
    </ClInclude>
    <ClInclude Include="CDemonSequence.h">
      <Filter>Scripts\Monster\DemonBoss</Filter>
    </ClInclude>
  </ItemGroup>
  <ItemGroup>
    <ClCompile Include="spch.cpp">
      <Filter>Default</Filter>
    </ClCompile>
    <ClCompile Include="Scripts.cpp">
      <Filter>Default</Filter>
    </ClCompile>
    <ClCompile Include="CPlayerScript.cpp">
      <Filter>Scripts</Filter>
    </ClCompile>
    <ClCompile Include="CScriptMgr.cpp" />
    <ClCompile Include="CLevelTransitionScript.cpp">
      <Filter>Scripts</Filter>
    </ClCompile>
    <ClCompile Include="CNPCScript.cpp">
      <Filter>Scripts\NPC</Filter>
    </ClCompile>
    <ClCompile Include="CArrowScript.cpp">
      <Filter>Scripts\Attack</Filter>
    </ClCompile>
    <ClCompile Include="CAttackScript.cpp">
      <Filter>Scripts\Attack</Filter>
    </ClCompile>
    <ClCompile Include="CMonsterAttack.cpp">
      <Filter>Scripts\Attack</Filter>
    </ClCompile>
    <ClCompile Include="CNPCBehavior.cpp">
      <Filter>Scripts\NPC</Filter>
    </ClCompile>
    <ClCompile Include="CSigil.cpp">
      <Filter>Scripts\Title</Filter>
    </ClCompile>
    <ClCompile Include="CTitleSequence.cpp">
      <Filter>Scripts\Title</Filter>
    </ClCompile>
    <ClCompile Include="CUIBarScript.cpp">
      <Filter>Scripts\UI</Filter>
    </ClCompile>
    <ClCompile Include="CNPCUIScript.cpp">
      <Filter>Scripts\UI</Filter>
    </ClCompile>
    <ClCompile Include="CMinimap.cpp">
      <Filter>Scripts\UI</Filter>
    </ClCompile>
    <ClCompile Include="CBackGroundScript.cpp">
      <Filter>Scripts\Generic</Filter>
    </ClCompile>
    <ClCompile Include="CBellScript.cpp">
      <Filter>Scripts\Generic</Filter>
    </ClCompile>
    <ClCompile Include="CBlurControl.cpp">
      <Filter>Scripts\Generic</Filter>
    </ClCompile>
    <ClCompile Include="CCameraMoveScript.cpp">
      <Filter>Scripts\Generic</Filter>
    </ClCompile>
    <ClCompile Include="CParticleScript.cpp">
      <Filter>Scripts\Generic</Filter>
    </ClCompile>
    <ClCompile Include="CPlatformScript.cpp">
      <Filter>Scripts\Generic</Filter>
    </ClCompile>
    <ClCompile Include="CSpriteRenderScript.cpp">
      <Filter>Scripts\Generic</Filter>
    </ClCompile>
    <ClCompile Include="CTintedBGScript.cpp">
      <Filter>Scripts\Generic</Filter>
    </ClCompile>
    <ClCompile Include="CWaterScript.cpp">
      <Filter>Scripts\Generic</Filter>
    </ClCompile>
    <ClCompile Include="CLinethScript.cpp">
      <Filter>Scripts\Monster\Lineth</Filter>
    </ClCompile>
    <ClCompile Include="CLinethSequence.cpp">
      <Filter>Scripts\Monster\Lineth</Filter>
    </ClCompile>
    <ClCompile Include="CDemonScript.cpp">
      <Filter>Scripts\Monster\DemonBoss</Filter>
    </ClCompile>
    <ClCompile Include="CHellfireScript.cpp">
      <Filter>Scripts\Monster\DemonBoss</Filter>
    </ClCompile>
    <ClCompile Include="CDemonSequence.cpp">
      <Filter>Scripts\Monster\DemonBoss</Filter>
    </ClCompile>
  </ItemGroup>
</Project>