
Microsoft Visual Studio Solution File, Format Version 12.00
# Visual Studio Version 17
VisualStudioVersion = 17.5.33414.496
MinimumVisualStudioVersion = 10.0.40219.1
Project("{8BC9CEB8-8B4A-11D0-8D11-00A0C91BC942}") = "Client", "Project\Client\Client.vcxproj", "{7A13B32E-09F3-42BC-9DAA-D519BA777867}"
	ProjectSection(ProjectDependencies) = postProject
		{20F4F12D-F8CE-4CA8-BE79-BCE23AD11B56} = {20F4F12D-F8CE-4CA8-BE79-BCE23AD11B56}
		{A116A55F-4C19-4780-B3DF-F578D8D50F38} = {A116A55F-4C19-4780-B3DF-F578D8D50F38}
	EndProjectSection
EndProject
Project("{8BC9CEB8-8B4A-11D0-8D11-00A0C91BC942}") = "Engine", "Project\Engine\Engine.vcxproj", "{20F4F12D-F8CE-4CA8-BE79-BCE23AD11B56}"
EndProject
Project("{8BC9CEB8-8B4A-11D0-8D11-00A0C91BC942}") = "Scripts", "Project\Scripts\Scripts.vcxproj", "{A116A55F-4C19-4780-B3DF-F578D8D50F38}"
	ProjectSection(ProjectDependencies) = postProject
		{20F4F12D-F8CE-4CA8-BE79-BCE23AD11B56} = {20F4F12D-F8CE-4CA8-BE79-BCE23AD11B56}
	EndProjectSection
EndProject
Global
	GlobalSection(SolutionConfigurationPlatforms) = preSolution
		Debug|x64 = Debug|x64
		Release|x64 = Release|x64
	EndGlobalSection
	GlobalSection(ProjectConfigurationPlatforms) = postSolution
		{7A13B32E-09F3-42BC-9DAA-D519BA777867}.Debug|x64.ActiveCfg = Debug|x64
		{7A13B32E-09F3-42BC-9DAA-D519BA777867}.Debug|x64.Build.0 = Debug|x64
		{7A13B32E-09F3-42BC-9DAA-D519BA777867}.Release|x64.ActiveCfg = Release|x64
		{7A13B32E-09F3-42BC-9DAA-D519BA777867}.Release|x64.Build.0 = Release|x64
		{20F4F12D-F8CE-4CA8-BE79-BCE23AD11B56}.Debug|x64.ActiveCfg = Debug|x64
		{20F4F12D-F8CE-4CA8-BE79-BCE23AD11B56}.Debug|x64.Build.0 = Debug|x64
		{20F4F12D-F8CE-4CA8-BE79-BCE23AD11B56}.Release|x64.ActiveCfg = Release|x64
		{20F4F12D-F8CE-4CA8-BE79-BCE23AD11B56}.Release|x64.Build.0 = Release|x64
		{A116A55F-4C19-4780-B3DF-F578D8D50F38}.Debug|x64.ActiveCfg = Debug|x64
		{A116A55F-4C19-4780-B3DF-F578D8D50F38}.Debug|x64.Build.0 = Debug|x64
		{A116A55F-4C19-4780-B3DF-F578D8D50F38}.Release|x64.ActiveCfg = Release|x64
		{A116A55F-4C19-4780-B3DF-F578D8D50F38}.Release|x64.Build.0 = Release|x64
	EndGlobalSection
	GlobalSection(SolutionProperties) = preSolution
		HideSolutionNode = FALSE
	EndGlobalSection
	GlobalSection(ExtensibilityGlobals) = postSolution
		SolutionGuid = {1A6B34EB-6365-43EA-B9F2-15070BD8441A}
	EndGlobalSection
EndGlobal
