<?xml version="1.0" encoding="utf-8"?>
<Project ToolsVersion="4.0" xmlns="http://schemas.microsoft.com/developer/msbuild/2003">
  <ItemGroup>
    <ClInclude Include="framework.h">
      <Filter>Default</Filter>
    </ClInclude>
    <ClInclude Include="pch.h">
      <Filter>Default</Filter>
    </ClInclude>
    <ClInclude Include="CEngine.h">
      <Filter>02. Engine</Filter>
    </ClInclude>
    <ClInclude Include="global.h">
      <Filter>01. Header</Filter>
    </ClInclude>
    <ClInclude Include="define.h">
      <Filter>01. Header</Filter>
    </ClInclude>
    <ClInclude Include="singleton.h">
      <Filter>01. Header</Filter>
    </ClInclude>
    <ClInclude Include="CDevice.h">
      <Filter>03. Device</Filter>
    </ClInclude>
    <ClInclude Include="SimpleMath.h">
      <Filter>Module</Filter>
    </ClInclude>
    <ClInclude Include="struct.h">
      <Filter>01. Header</Filter>
    </ClInclude>
    <ClInclude Include="CKeyMgr.h">
      <Filter>04. Manager</Filter>
    </ClInclude>
    <ClInclude Include="CPathMgr.h">
      <Filter>04. Manager</Filter>
    </ClInclude>
    <ClInclude Include="CTaskMgr.h">
      <Filter>04. Manager</Filter>
    </ClInclude>
    <ClInclude Include="CTimeMgr.h">
      <Filter>04. Manager</Filter>
    </ClInclude>
    <ClInclude Include="CAssetMgr.h">
      <Filter>04. Manager</Filter>
    </ClInclude>
    <ClInclude Include="CAsset.h">
      <Filter>06. Asset</Filter>
    </ClInclude>
    <ClInclude Include="enum.h">
      <Filter>01. Header</Filter>
    </ClInclude>
    <ClInclude Include="CShader.h">
      <Filter>06. Asset\Shader</Filter>
    </ClInclude>
    <ClInclude Include="CMesh.h">
      <Filter>06. Asset\Mesh</Filter>
    </ClInclude>
    <ClInclude Include="Log.h">
      <Filter>Default</Filter>
    </ClInclude>
    <ClInclude Include="func.h">
      <Filter>01. Header</Filter>
    </ClInclude>
    <ClInclude Include="assets.h">
      <Filter>06. Asset</Filter>
    </ClInclude>
    <ClInclude Include="CLevelMgr.h">
      <Filter>04. Manager</Filter>
    </ClInclude>
    <ClInclude Include="CLevel.h">
      <Filter>05. Level</Filter>
    </ClInclude>
    <ClInclude Include="CLayer.h">
      <Filter>05. Level</Filter>
    </ClInclude>
    <ClInclude Include="CGameObject.h">
      <Filter>07. GameObject</Filter>
    </ClInclude>
    <ClInclude Include="CEntity.h">
      <Filter>07. GameObject</Filter>
    </ClInclude>
    <ClInclude Include="CComponent.h">
      <Filter>Component</Filter>
    </ClInclude>
    <ClInclude Include="CTransform.h">
      <Filter>Component</Filter>
    </ClInclude>
    <ClInclude Include="components.h">
      <Filter>Component</Filter>
    </ClInclude>
    <ClInclude Include="CRenderComponent.h">
      <Filter>Component</Filter>
    </ClInclude>
    <ClInclude Include="Ptr.h">
      <Filter>06. Asset</Filter>
    </ClInclude>
    <ClInclude Include="CCamera.h">
      <Filter>Component</Filter>
    </ClInclude>
    <ClInclude Include="CTexture.h">
      <Filter>06. Asset</Filter>
    </ClInclude>
    <ClInclude Include="CRenderMgr.h">
      <Filter>04. Manager</Filter>
    </ClInclude>
    <ClInclude Include="CMaterial.h">
      <Filter>06. Asset\Material</Filter>
    </ClInclude>
    <ClInclude Include="CCollider2D.h">
      <Filter>Component</Filter>
    </ClInclude>
    <ClInclude Include="CAnimator2D.h">
      <Filter>Component</Filter>
    </ClInclude>
    <ClInclude Include="CCollisionMgr.h">
      <Filter>04. Manager</Filter>
    </ClInclude>
    <ClInclude Include="CAnimation.h">
      <Filter>06. Asset</Filter>
    </ClInclude>
    <ClInclude Include="CMeshRender.h">
      <Filter>Component</Filter>
    </ClInclude>
    <ClInclude Include="CSprite.h">
      <Filter>06. Asset</Filter>
    </ClInclude>
    <ClInclude Include="CTileMap.h">
      <Filter>Component</Filter>
    </ClInclude>
    <ClInclude Include="CLight2D.h">
      <Filter>Component</Filter>
    </ClInclude>
    <ClInclude Include="CScript.h">
      <Filter>Component</Filter>
    </ClInclude>
    <ClInclude Include="CConstBuffer.h">
      <Filter>Buffer</Filter>
    </ClInclude>
    <ClInclude Include="CStructuredBuffer.h">
      <Filter>Buffer</Filter>
    </ClInclude>
    <ClInclude Include="CRigidBody.h">
      <Filter>Component</Filter>
    </ClInclude>
    <ClInclude Include="CPrefab.h">
      <Filter>06. Asset</Filter>
    </ClInclude>
    <ClInclude Include="CGraphicShader.h">
      <Filter>06. Asset\Shader\GraphicShader</Filter>
    </ClInclude>
    <ClInclude Include="CComputeShader.h">
      <Filter>06. Asset\Shader\ComputeShader</Filter>
    </ClInclude>
    <ClInclude Include="CParticleSystem.h">
      <Filter>Component</Filter>
    </ClInclude>
    <ClInclude Include="CSetColorCS.h">
      <Filter>06. Asset\Shader\ComputeShader</Filter>
    </ClInclude>
  </ItemGroup>
  <ItemGroup>
    <ClCompile Include="Engine.cpp">
      <Filter>Default</Filter>
    </ClCompile>
    <ClCompile Include="pch.cpp">
      <Filter>Default</Filter>
    </ClCompile>
    <ClCompile Include="CEngine.cpp">
      <Filter>02. Engine</Filter>
    </ClCompile>
    <ClCompile Include="CDevice.cpp">
      <Filter>03. Device</Filter>
    </ClCompile>
    <ClCompile Include="CPathMgr.cpp">
      <Filter>04. Manager</Filter>
    </ClCompile>
    <ClCompile Include="CKeyMgr.cpp">
      <Filter>04. Manager</Filter>
    </ClCompile>
    <ClCompile Include="CTimeMgr.cpp">
      <Filter>04. Manager</Filter>
    </ClCompile>
    <ClCompile Include="CAssetMgr.cpp">
      <Filter>04. Manager</Filter>
    </ClCompile>
    <ClCompile Include="CAsset.cpp">
      <Filter>06. Asset</Filter>
    </ClCompile>
    <ClCompile Include="CShader.cpp">
      <Filter>06. Asset\Shader</Filter>
    </ClCompile>
    <ClCompile Include="CMesh.cpp">
      <Filter>06. Asset\Mesh</Filter>
    </ClCompile>
    <ClCompile Include="Log.cpp">
      <Filter>Default</Filter>
    </ClCompile>
    <ClCompile Include="CLevelMgr.cpp">
      <Filter>04. Manager</Filter>
    </ClCompile>
    <ClCompile Include="CLevel.cpp">
      <Filter>05. Level</Filter>
    </ClCompile>
    <ClCompile Include="CLayer.cpp">
      <Filter>05. Level</Filter>
    </ClCompile>
    <ClCompile Include="CGameObject.cpp">
      <Filter>07. GameObject</Filter>
    </ClCompile>
    <ClCompile Include="CEntity.cpp">
      <Filter>07. GameObject</Filter>
    </ClCompile>
    <ClCompile Include="CComponent.cpp">
      <Filter>Component</Filter>
    </ClCompile>
    <ClCompile Include="CTransform.cpp">
      <Filter>Component</Filter>
    </ClCompile>
    <ClCompile Include="CRenderComponent.cpp">
      <Filter>Component</Filter>
    </ClCompile>
    <ClCompile Include="CCamera.cpp">
      <Filter>Component</Filter>
    </ClCompile>
    <ClCompile Include="extern.cpp" />
    <ClCompile Include="CTexture.cpp">
      <Filter>06. Asset</Filter>
    </ClCompile>
    <ClCompile Include="CRenderMgr.cpp">
      <Filter>04. Manager</Filter>
    </ClCompile>
    <ClCompile Include="CMaterial.cpp">
      <Filter>06. Asset\Material</Filter>
    </ClCompile>
    <ClCompile Include="CAssetInit.cpp">
      <Filter>06. Asset</Filter>
    </ClCompile>
    <ClCompile Include="func.cpp">
      <Filter>01. Header</Filter>
    </ClCompile>
    <ClCompile Include="CCollider2D.cpp">
      <Filter>Component</Filter>
    </ClCompile>
    <ClCompile Include="CAnimator2D.cpp">
      <Filter>Component</Filter>
    </ClCompile>
    <ClCompile Include="CCollisionMgr.cpp">
      <Filter>04. Manager</Filter>
    </ClCompile>
    <ClCompile Include="CAnimation.cpp">
      <Filter>06. Asset</Filter>
    </ClCompile>
    <ClCompile Include="CTaskMgr.cpp">
      <Filter>04. Manager</Filter>
    </ClCompile>
    <ClCompile Include="CMeshRender.cpp">
      <Filter>Component</Filter>
    </ClCompile>
    <ClCompile Include="CSprite.cpp">
      <Filter>06. Asset</Filter>
    </ClCompile>
    <ClCompile Include="CTileMap.cpp">
      <Filter>Component</Filter>
    </ClCompile>
    <ClCompile Include="CLight2D.cpp">
      <Filter>Component</Filter>
    </ClCompile>
    <ClCompile Include="CScript.cpp">
      <Filter>Component</Filter>
    </ClCompile>
    <ClCompile Include="CConstBuffer.cpp">
      <Filter>Buffer</Filter>
    </ClCompile>
    <ClCompile Include="CStructuredBuffer.cpp">
      <Filter>Buffer</Filter>
    </ClCompile>
    <ClCompile Include="CRigidBody.cpp">
      <Filter>Component</Filter>
    </ClCompile>
    <ClCompile Include="CPrefab.cpp">
      <Filter>06. Asset</Filter>
    </ClCompile>
    <ClCompile Include="CGraphicShader.cpp">
      <Filter>06. Asset\Shader\GraphicShader</Filter>
    </ClCompile>
    <ClCompile Include="CComputeShader.cpp">
      <Filter>06. Asset\Shader\ComputeShader</Filter>
    </ClCompile>
    <ClCompile Include="CParticleSystem.cpp">
      <Filter>Component</Filter>
    </ClCompile>
    <ClCompile Include="CSetColorCS.cpp">
      <Filter>06. Asset\Shader\ComputeShader</Filter>
    </ClCompile>
  </ItemGroup>
  <ItemGroup>
    <Filter Include="Default">
      <UniqueIdentifier>{3ac923d7-76e3-4674-a5c6-1eaabd7b32b1}</UniqueIdentifier>
    </Filter>
    <Filter Include="01. Header">
      <UniqueIdentifier>{683c4659-d1d3-4c1f-95d8-1e1cfc0bd479}</UniqueIdentifier>
    </Filter>
    <Filter Include="02. Engine">
      <UniqueIdentifier>{545ca399-e31f-4b83-a365-4ab537f9d84d}</UniqueIdentifier>
    </Filter>
    <Filter Include="03. Device">
      <UniqueIdentifier>{6832a9be-9613-42c9-8648-fcf892b1b1e6}</UniqueIdentifier>
    </Filter>
    <Filter Include="Module">
      <UniqueIdentifier>{93a7ac77-f674-4ed6-a32a-19a3f16d30e3}</UniqueIdentifier>
    </Filter>
    <Filter Include="04. Manager">
      <UniqueIdentifier>{3c07900d-fa40-4f84-96e9-7eaabbbcef02}</UniqueIdentifier>
    </Filter>
    <Filter Include="Shader">
      <UniqueIdentifier>{2f103e03-edd5-4222-a648-4711c379c3f1}</UniqueIdentifier>
    </Filter>
    <Filter Include="05. Level">
      <UniqueIdentifier>{794d43a7-508c-4996-9266-05ff5ffdc18f}</UniqueIdentifier>
    </Filter>
    <Filter Include="07. GameObject">
      <UniqueIdentifier>{4f37026f-6c75-4182-b9bf-04d5c18da399}</UniqueIdentifier>
    </Filter>
    <Filter Include="06. Asset">
      <UniqueIdentifier>{a1caed79-31f7-4d87-b223-e662bb1c6e37}</UniqueIdentifier>
    </Filter>
    <Filter Include="06. Asset\Shader">
      <UniqueIdentifier>{282c8023-2010-4afc-ab45-150e3e7ff0bd}</UniqueIdentifier>
    </Filter>
    <Filter Include="06. Asset\Mesh">
      <UniqueIdentifier>{f1afad9d-bf6c-4dc5-b252-234c9a0abc0b}</UniqueIdentifier>
    </Filter>
    <Filter Include="Component">
      <UniqueIdentifier>{5ebb3e06-804f-4b56-b031-eaecfd721cb8}</UniqueIdentifier>
    </Filter>
    <Filter Include="06. Asset\Material">
      <UniqueIdentifier>{7a1eec37-53aa-4ce5-9f89-9ac5397a0eb7}</UniqueIdentifier>
    </Filter>
    <Filter Include="Buffer">
      <UniqueIdentifier>{c7bd599f-f4ee-452b-a2b1-28f34191b34c}</UniqueIdentifier>
    </Filter>
    <Filter Include="06. Asset\Shader\ComputeShader">
      <UniqueIdentifier>{c3321f60-55dd-4560-a293-cf05dcab013e}</UniqueIdentifier>
    </Filter>
    <Filter Include="06. Asset\Shader\GraphicShader">
      <UniqueIdentifier>{7884fe33-d4b6-43c5-90ef-d49890f95e5c}</UniqueIdentifier>
    </Filter>
    <Filter Include="Shader\ComputeShader">
      <UniqueIdentifier>{2299563f-7fa6-4171-953c-31985ab0c470}</UniqueIdentifier>
    </Filter>
    <Filter Include="Shader\GraphicShader">
      <UniqueIdentifier>{c2c85a06-967e-4e02-b9e3-27fe86af04bb}</UniqueIdentifier>
    </Filter>
  </ItemGroup>
  <ItemGroup>
    <None Include="SimpleMath.inl">
      <Filter>Module</Filter>
    </None>
  </ItemGroup>
  <ItemGroup>
    <FxCompile Include="value.fx">
      <Filter>Shader</Filter>
    </FxCompile>
    <FxCompile Include="struct.fx">
      <Filter>Shader</Filter>
    </FxCompile>
    <FxCompile Include="tilemap.fx">
      <Filter>Shader\GraphicShader</Filter>
    </FxCompile>
    <FxCompile Include="std2d.fx">
      <Filter>Shader\GraphicShader</Filter>
    </FxCompile>
    <FxCompile Include="postprocess.fx">
      <Filter>Shader\GraphicShader</Filter>
    </FxCompile>
    <FxCompile Include="myFX.fx">
      <Filter>Shader\GraphicShader</Filter>
    </FxCompile>
    <FxCompile Include="debug.fx">
      <Filter>Shader\GraphicShader</Filter>
    </FxCompile>
    <FxCompile Include="func.fx">
      <Filter>Shader</Filter>
    </FxCompile>
    <FxCompile Include="setcolor.fx">
      <Filter>Shader\ComputeShader</Filter>
    </FxCompile>
  </ItemGroup>
</Project>