<?xml version="1.0" encoding="utf-8"?>
<Project ToolsVersion="4.0" xmlns="http://schemas.microsoft.com/developer/msbuild/2003">
  <ItemGroup>
    <Filter Include="Default">
      <UniqueIdentifier>{08e0f42e-92b4-437d-8778-bb22ee001197}</UniqueIdentifier>
    </Filter>
    <Filter Include="ImGui">
      <UniqueIdentifier>{25fe6411-e6de-4b8a-93aa-b9af87587a74}</UniqueIdentifier>
    </Filter>
    <Filter Include="EditorUI">
      <UniqueIdentifier>{2d24d02b-b97e-4156-a45a-259763995f7d}</UniqueIdentifier>
    </Filter>
  </ItemGroup>
  <ItemGroup>
    <ClInclude Include="Client.h">
      <Filter>Default</Filter>
    </ClInclude>
    <ClInclude Include="framework.h">
      <Filter>Default</Filter>
    </ClInclude>
    <ClInclude Include="Resource.h">
      <Filter>Default</Filter>
    </ClInclude>
    <ClInclude Include="targetver.h">
      <Filter>Default</Filter>
    </ClInclude>
    <ClInclude Include="CEditorCameraScript.h" />
    <ClInclude Include="CEditorMgr.h" />
    <ClInclude Include="CGameObjectEx.h" />
    <ClInclude Include="pch.h" />
    <ClInclude Include="..\..\vendor\ImGui\imconfig.h">
      <Filter>ImGui</Filter>
    </ClInclude>
    <ClInclude Include="..\..\vendor\ImGui\imgui.h">
      <Filter>ImGui</Filter>
    </ClInclude>
    <ClInclude Include="..\..\vendor\ImGui\imgui_impl_dx11.h">
      <Filter>ImGui</Filter>
    </ClInclude>
    <ClInclude Include="..\..\vendor\ImGui\imgui_impl_win32.h">
      <Filter>ImGui</Filter>
    </ClInclude>
    <ClInclude Include="..\..\vendor\ImGui\imgui_internal.h">
      <Filter>ImGui</Filter>
    </ClInclude>
    <ClInclude Include="..\..\vendor\ImGui\imstb_rectpack.h">
      <Filter>ImGui</Filter>
    </ClInclude>
    <ClInclude Include="..\..\vendor\ImGui\imstb_textedit.h">
      <Filter>ImGui</Filter>
    </ClInclude>
    <ClInclude Include="..\..\vendor\ImGui\imstb_truetype.h">
      <Filter>ImGui</Filter>
    </ClInclude>
    <ClInclude Include="EditorUI.h">
      <Filter>EditorUI</Filter>
    </ClInclude>
    <ClInclude Include="Inspector.h">
      <Filter>EditorUI</Filter>
    </ClInclude>
    <ClInclude Include="TransformUI.h">
      <Filter>EditorUI</Filter>
    </ClInclude>
    <ClInclude Include="Content.h">
      <Filter>EditorUI</Filter>
    </ClInclude>
    <ClInclude Include="ComponentUI.h">
      <Filter>EditorUI</Filter>
    </ClInclude>
    <ClInclude Include="Collider2DUI.h">
      <Filter>EditorUI</Filter>
    </ClInclude>
    <ClInclude Include="Outliner.h">
      <Filter>EditorUI</Filter>
    </ClInclude>
  </ItemGroup>
  <ItemGroup>
    <Image Include="Client.ico">
      <Filter>Default</Filter>
    </Image>
    <Image Include="small.ico">
      <Filter>Default</Filter>
    </Image>
  </ItemGroup>
  <ItemGroup>
    <ClCompile Include="main.cpp" />
    <ClCompile Include="CEditorCameraScript.cpp" />
    <ClCompile Include="CEditorMgr.cpp" />
    <ClCompile Include="CGameObjectEx.cpp" />
    <ClCompile Include="pch.cpp" />
    <ClCompile Include="..\..\vendor\ImGui\imgui.cpp">
      <Filter>ImGui</Filter>
    </ClCompile>
    <ClCompile Include="..\..\vendor\ImGui\imgui_demo.cpp">
      <Filter>ImGui</Filter>
    </ClCompile>
    <ClCompile Include="..\..\vendor\ImGui\imgui_draw.cpp">
      <Filter>ImGui</Filter>
    </ClCompile>
    <ClCompile Include="..\..\vendor\ImGui\imgui_impl_dx11.cpp">
      <Filter>ImGui</Filter>
    </ClCompile>
    <ClCompile Include="..\..\vendor\ImGui\imgui_impl_win32.cpp">
      <Filter>ImGui</Filter>
    </ClCompile>
    <ClCompile Include="..\..\vendor\ImGui\imgui_tables.cpp">
      <Filter>ImGui</Filter>
    </ClCompile>
    <ClCompile Include="..\..\vendor\ImGui\imgui_widgets.cpp">
      <Filter>ImGui</Filter>
    </ClCompile>
    <ClCompile Include="CEditorMgr_EditorObject.cpp" />
    <ClCompile Include="CEditorMgr_EditorUI.cpp" />
    <ClCompile Include="EditorUI.cpp">
      <Filter>EditorUI</Filter>
    </ClCompile>
    <ClCompile Include="Inspector.cpp">
      <Filter>EditorUI</Filter>
    </ClCompile>
    <ClCompile Include="TransformUI.cpp">
      <Filter>EditorUI</Filter>
    </ClCompile>
    <ClCompile Include="Content.cpp">
      <Filter>EditorUI</Filter>
    </ClCompile>
    <ClCompile Include="ComponentUI.cpp">
      <Filter>EditorUI</Filter>
    </ClCompile>
    <ClCompile Include="Collider2DUI.cpp">
      <Filter>EditorUI</Filter>
    </ClCompile>
    <ClCompile Include="Outliner.cpp">
      <Filter>EditorUI</Filter>
    </ClCompile>
  </ItemGroup>
  <ItemGroup>
    <ResourceCompile Include="Client.rc">
      <Filter>Default</Filter>
    </ResourceCompile>
  </ItemGroup>
  <ItemGroup>
    <Text Include="..\..\vendor\ImGui\LICENSE.txt">
      <Filter>ImGui</Filter>
    </Text>
  </ItemGroup>
</Project>