<?xml version="1.0" encoding="utf-8"?>
<Project ToolsVersion="4.0" xmlns="http://schemas.microsoft.com/developer/msbuild/2003">
  <ItemGroup>
    <Filter Include="Default">
      <UniqueIdentifier>{08e0f42e-92b4-437d-8778-bb22ee001197}</UniqueIdentifier>
    </Filter>
    <Filter Include="ImGui">
      <UniqueIdentifier>{25fe6411-e6de-4b8a-93aa-b9af87587a74}</UniqueIdentifier>
    </Filter>
    <Filter Include="Editor">
      <UniqueIdentifier>{63348e22-ff48-40df-b216-214c41a362c3}</UniqueIdentifier>
    </Filter>
    <Filter Include="Editor\EditorUI">
      <UniqueIdentifier>{2d24d02b-b97e-4156-a45a-259763995f7d}</UniqueIdentifier>
    </Filter>
    <Filter Include="Editor\EditorUI\ComponentUI">
      <UniqueIdentifier>{b58fc115-27c6-4e30-9b14-eb628cd25971}</UniqueIdentifier>
    </Filter>
    <Filter Include="Editor\EditorUI\TreeUI">
      <UniqueIdentifier>{cdc961bd-cf76-4a7d-aac2-851ca6529aa8}</UniqueIdentifier>
    </Filter>
    <Filter Include="Editor\EditorUI\AssetUI">
      <UniqueIdentifier>{953a50ae-db84-469f-b387-0355ff7c45fe}</UniqueIdentifier>
    </Filter>
    <Filter Include="Editor\EditorUI\Modal">
      <UniqueIdentifier>{0a9f70d1-1e8b-4e6d-906a-41aab1809d44}</UniqueIdentifier>
    </Filter>
    <Filter Include="Editor\TestLevel">
      <UniqueIdentifier>{a9c73831-6426-4d14-8c1b-aec407704a30}</UniqueIdentifier>
    </Filter>
    <Filter Include="Editor\EditorUI\Modal\SpriteEditor">
      <UniqueIdentifier>{26008389-e181-4a34-b5d8-e0b5bd69acdc}</UniqueIdentifier>
    </Filter>
    <Filter Include="Editor\EditorUI\Modal\Util">
      <UniqueIdentifier>{11ddf1b5-fe19-43fb-b5db-c73257e41210}</UniqueIdentifier>
    </Filter>
    <Filter Include="Editor\Viewport">
      <UniqueIdentifier>{c20cf685-f358-40e7-be45-590ca4dd8aba}</UniqueIdentifier>
    </Filter>
    <Filter Include="Editor\EditorUI\Content">
      <UniqueIdentifier>{be624e41-9e4c-42e3-9ec7-387ef7cb5833}</UniqueIdentifier>
    </Filter>
    <Filter Include="Editor\EditorUI\HierarchyView">
      <UniqueIdentifier>{1bb922b4-f07a-43eb-9468-ca97426d9b3b}</UniqueIdentifier>
    </Filter>
    <Filter Include="Editor\EditorUI\Inspector">
      <UniqueIdentifier>{c6e155d7-0bd2-4ff4-9b70-585157cf11ef}</UniqueIdentifier>
    </Filter>
    <Filter Include="Editor\EditorUI\MainMenu">
      <UniqueIdentifier>{16949301-2f7f-4d0c-9cfd-a1767ee8fc0b}</UniqueIdentifier>
    </Filter>
    <Filter Include="Editor\EditorUI\Modal\ListUI">
      <UniqueIdentifier>{9e1fb6cc-172a-4e05-9310-7c822e2654ff}</UniqueIdentifier>
    </Filter>
    <Filter Include="Editor\EditorUI\Modal\FileBrowser">
      <UniqueIdentifier>{096a4d61-abf6-4b31-a8d0-14470924ff5f}</UniqueIdentifier>
    </Filter>
    <Filter Include="Editor\EditorUI\Modal\Collision">
      <UniqueIdentifier>{b74ebeb5-91f2-4a6d-a5a9-efa45877f9b9}</UniqueIdentifier>
    </Filter>
    <Filter Include="Editor\EditorUI\Modal\AnimationEditor">
      <UniqueIdentifier>{3232e88b-4cad-4c11-85a8-b3d8ea5dd31c}</UniqueIdentifier>
    </Filter>
    <Filter Include="Editor\EditorUI\MainMenu\TexturePreview">
      <UniqueIdentifier>{e7d41de0-5e16-4aa4-a732-db1894dfe15a}</UniqueIdentifier>
    </Filter>
    <Filter Include="Editor\EditorUI\Modal\TexturePreview">
      <UniqueIdentifier>{337d90f6-8813-4c6a-9680-4bae86cd51ed}</UniqueIdentifier>
    </Filter>
    <Filter Include="Editor\EditorUI\ComponentUI\Animator2D">
      <UniqueIdentifier>{dbc15f93-6def-4635-9198-3c177942cc1c}</UniqueIdentifier>
    </Filter>
    <Filter Include="Editor\EditorUI\ComponentUI\Camera">
      <UniqueIdentifier>{9d16b334-3c6e-41ab-86b3-9e88e5d8552f}</UniqueIdentifier>
    </Filter>
    <Filter Include="Editor\EditorUI\ComponentUI\Collider">
      <UniqueIdentifier>{3f98777f-9a16-4d83-86f4-c9bb10edfb1d}</UniqueIdentifier>
    </Filter>
    <Filter Include="Editor\EditorUI\ComponentUI\Decal">
      <UniqueIdentifier>{21bc4ea0-cbab-4eb2-9573-ab2a39cc8702}</UniqueIdentifier>
    </Filter>
    <Filter Include="Editor\EditorUI\ComponentUI\Landscape">
      <UniqueIdentifier>{ba83204d-262c-49ce-beac-7c6dc7fc7cb3}</UniqueIdentifier>
    </Filter>
    <Filter Include="Editor\EditorUI\ComponentUI\Light">
      <UniqueIdentifier>{b380b380-c47d-4ab3-9290-6ce2f32390c4}</UniqueIdentifier>
    </Filter>
    <Filter Include="Editor\EditorUI\ComponentUI\Mesh">
      <UniqueIdentifier>{ee97f328-173d-4525-ba86-8fe21c8275e3}</UniqueIdentifier>
    </Filter>
    <Filter Include="Editor\EditorUI\ComponentUI\ParticleSystem">
      <UniqueIdentifier>{adcf2559-5689-4dac-822c-6839a293144e}</UniqueIdentifier>
    </Filter>
    <Filter Include="Editor\EditorUI\ComponentUI\RigidBody">
      <UniqueIdentifier>{0133d55f-7e8a-44ff-8c9e-226e907ee374}</UniqueIdentifier>
    </Filter>
    <Filter Include="Editor\EditorUI\ComponentUI\Script">
      <UniqueIdentifier>{1ed2bc47-22ca-44dc-87ff-eaae4cd34723}</UniqueIdentifier>
    </Filter>
    <Filter Include="Editor\EditorUI\ComponentUI\Skybox">
      <UniqueIdentifier>{f642131b-eb65-4ccf-9230-ca98da2ad756}</UniqueIdentifier>
    </Filter>
    <Filter Include="Editor\EditorUI\ComponentUI\Text">
      <UniqueIdentifier>{0514a936-5e04-4ab8-bb1c-3d4760c54f65}</UniqueIdentifier>
    </Filter>
    <Filter Include="Editor\EditorUI\ComponentUI\Tilemap">
      <UniqueIdentifier>{38a63e7c-7637-4ae9-8cb2-f1f9c16873f4}</UniqueIdentifier>
    </Filter>
    <Filter Include="Editor\EditorUI\ComponentUI\Transform">
      <UniqueIdentifier>{a28c62b3-e62e-4f5c-9a81-7910fae8b651}</UniqueIdentifier>
    </Filter>
  </ItemGroup>
  <ItemGroup>
    <ClInclude Include="Client.h">
      <Filter>Default</Filter>
    </ClInclude>
    <ClInclude Include="framework.h">
      <Filter>Default</Filter>
    </ClInclude>
    <ClInclude Include="Resource.h">
      <Filter>Default</Filter>
    </ClInclude>
    <ClInclude Include="targetver.h">
      <Filter>Default</Filter>
    </ClInclude>
    <ClInclude Include="pch.h" />
    <ClInclude Include="EditorUI.h">
      <Filter>Editor\EditorUI</Filter>
    </ClInclude>
    <ClInclude Include="ComponentUI.h">
      <Filter>Editor\EditorUI\ComponentUI</Filter>
    </ClInclude>
    <ClInclude Include="TreeUI.h">
      <Filter>Editor\EditorUI\TreeUI</Filter>
    </ClInclude>
    <ClInclude Include="AssetUI.h">
      <Filter>Editor\EditorUI\AssetUI</Filter>
    </ClInclude>
    <ClInclude Include="ComputeShaderUI.h">
      <Filter>Editor\EditorUI\AssetUI</Filter>
    </ClInclude>
    <ClInclude Include="AnimationUI.h">
      <Filter>Editor\EditorUI\AssetUI</Filter>
    </ClInclude>
    <ClInclude Include="MaterialUI.h">
      <Filter>Editor\EditorUI\AssetUI</Filter>
    </ClInclude>
    <ClInclude Include="GraphicShaderUI.h">
      <Filter>Editor\EditorUI\AssetUI</Filter>
    </ClInclude>
    <ClInclude Include="MeshDataUI.h">
      <Filter>Editor\EditorUI\AssetUI</Filter>
    </ClInclude>
    <ClInclude Include="MeshUI.h">
      <Filter>Editor\EditorUI\AssetUI</Filter>
    </ClInclude>
    <ClInclude Include="PrefabUI.h">
      <Filter>Editor\EditorUI\AssetUI</Filter>
    </ClInclude>
    <ClInclude Include="SoundUI.h">
      <Filter>Editor\EditorUI\AssetUI</Filter>
    </ClInclude>
    <ClInclude Include="SpriteUI.h">
      <Filter>Editor\EditorUI\AssetUI</Filter>
    </ClInclude>
    <ClInclude Include="TextureUI.h">
      <Filter>Editor\EditorUI\AssetUI</Filter>
    </ClInclude>
    <ClInclude Include="CEditorMgr.h">
      <Filter>Editor</Filter>
    </ClInclude>
    <ClInclude Include="CEditorCameraScript.h">
      <Filter>Editor</Filter>
    </ClInclude>
    <ClInclude Include="CGameObjectEx.h">
      <Filter>Editor</Filter>
    </ClInclude>
    <ClInclude Include="ImGui\imconfig.h">
      <Filter>ImGui</Filter>
    </ClInclude>
    <ClInclude Include="ImGui\imgui.h">
      <Filter>ImGui</Filter>
    </ClInclude>
    <ClInclude Include="ImGui\imgui_impl_dx11.h">
      <Filter>ImGui</Filter>
    </ClInclude>
    <ClInclude Include="ImGui\imgui_impl_win32.h">
      <Filter>ImGui</Filter>
    </ClInclude>
    <ClInclude Include="ImGui\imgui_internal.h">
      <Filter>ImGui</Filter>
    </ClInclude>
    <ClInclude Include="ImGui\imstb_rectpack.h">
      <Filter>ImGui</Filter>
    </ClInclude>
    <ClInclude Include="ImGui\imstb_textedit.h">
      <Filter>ImGui</Filter>
    </ClInclude>
    <ClInclude Include="ImGui\imstb_truetype.h">
      <Filter>ImGui</Filter>
    </ClInclude>
    <ClInclude Include="ImGui\ImGuizmo.h">
      <Filter>ImGui</Filter>
    </ClInclude>
    <ClInclude Include="ImGui\imgui_neo_internal.h">
      <Filter>ImGui</Filter>
    </ClInclude>
    <ClInclude Include="ImGui\imgui_neo_sequencer.h">
      <Filter>ImGui</Filter>
    </ClInclude>
    <ClInclude Include="CTestLevel.h">
      <Filter>Editor\TestLevel</Filter>
    </ClInclude>
    <ClInclude Include="ImGui\IconsFontAwesome4.h">
      <Filter>ImGui</Filter>
    </ClInclude>
    <ClInclude Include="TilemapEditor.h">
      <Filter>Editor\EditorUI\Modal</Filter>
    </ClInclude>
    <ClInclude Include="CLevelSaveLoad.h" />
    <ClInclude Include="SpriteEditor.h">
      <Filter>Editor\EditorUI\Modal\SpriteEditor</Filter>
    </ClInclude>
    <ClInclude Include="SE_AtlasView.h">
      <Filter>Editor\EditorUI\Modal\SpriteEditor</Filter>
    </ClInclude>
    <ClInclude Include="SE_Detail.h">
      <Filter>Editor\EditorUI\Modal\SpriteEditor</Filter>
    </ClInclude>
    <ClInclude Include="SE_Sub.h">
      <Filter>Editor\EditorUI\Modal\SpriteEditor</Filter>
    </ClInclude>
    <ClInclude Include="ParamUI.h">
      <Filter>Editor\EditorUI\Modal\Util</Filter>
    </ClInclude>
    <ClInclude Include="EditorLogger.h">
      <Filter>Editor\EditorUI\Modal\Util</Filter>
    </ClInclude>
    <ClInclude Include="CPlayerManager.h">
      <Filter>Editor\TestLevel</Filter>
    </ClInclude>
    <ClInclude Include="EditorViewport.h">
      <Filter>Editor\Viewport</Filter>
    </ClInclude>
    <ClInclude Include="Content.h">
      <Filter>Editor\EditorUI\Content</Filter>
    </ClInclude>
    <ClInclude Include="HierarchyView.h">
      <Filter>Editor\EditorUI\HierarchyView</Filter>
    </ClInclude>
    <ClInclude Include="Inspector.h">
      <Filter>Editor\EditorUI\Inspector</Filter>
    </ClInclude>
    <ClInclude Include="MenuUI.h">
      <Filter>Editor\EditorUI\MainMenu</Filter>
    </ClInclude>
    <ClInclude Include="ListUI.h">
      <Filter>Editor\EditorUI\Modal\ListUI</Filter>
    </ClInclude>
    <ClInclude Include="FileBrowser.h">
      <Filter>Editor\EditorUI\Modal\FileBrowser</Filter>
    </ClInclude>
    <ClInclude Include="CollisionCheck.h">
      <Filter>Editor\EditorUI\Modal\Collision</Filter>
    </ClInclude>
    <ClInclude Include="AnimationEditor.h">
      <Filter>Editor\EditorUI\Modal\AnimationEditor</Filter>
    </ClInclude>
    <ClInclude Include="TexturePreview.h">
      <Filter>Editor\EditorUI\Modal\TexturePreview</Filter>
    </ClInclude>
    <ClInclude Include="ModotHelpers.h">
      <Filter>Editor\EditorUI\Modal\Util</Filter>
    </ClInclude>
    <ClInclude Include="Animator2DUI.h">
      <Filter>Editor\EditorUI\ComponentUI\Animator2D</Filter>
    </ClInclude>
    <ClInclude Include="CameraUI.h">
      <Filter>Editor\EditorUI\ComponentUI\Camera</Filter>
    </ClInclude>
    <ClInclude Include="Collider2DUI.h">
      <Filter>Editor\EditorUI\ComponentUI\Collider</Filter>
    </ClInclude>
    <ClInclude Include="DecalUI.h">
      <Filter>Editor\EditorUI\ComponentUI\Decal</Filter>
    </ClInclude>
    <ClInclude Include="LandscapeUI.h">
      <Filter>Editor\EditorUI\ComponentUI\Landscape</Filter>
    </ClInclude>
    <ClInclude Include="Light2DUI.h">
      <Filter>Editor\EditorUI\ComponentUI\Light</Filter>
    </ClInclude>
    <ClInclude Include="Light3DUI.h">
      <Filter>Editor\EditorUI\ComponentUI\Light</Filter>
    </ClInclude>
    <ClInclude Include="MeshRenderUI.h">
      <Filter>Editor\EditorUI\ComponentUI\Mesh</Filter>
    </ClInclude>
    <ClInclude Include="SkyBoxUI.h">
      <Filter>Editor\EditorUI\ComponentUI\Skybox</Filter>
    </ClInclude>
    <ClInclude Include="ParticleSystemUI.h">
      <Filter>Editor\EditorUI\ComponentUI\ParticleSystem</Filter>
    </ClInclude>
    <ClInclude Include="ScriptUI.h">
      <Filter>Editor\EditorUI\ComponentUI\Script</Filter>
    </ClInclude>
    <ClInclude Include="RigidBodyUI.h">
      <Filter>Editor\EditorUI\ComponentUI\RigidBody</Filter>
    </ClInclude>
    <ClInclude Include="TextRenderUI.h">
      <Filter>Editor\EditorUI\ComponentUI\Text</Filter>
    </ClInclude>
    <ClInclude Include="TileMapUI.h">
      <Filter>Editor\EditorUI\ComponentUI\Tilemap</Filter>
    </ClInclude>
    <ClInclude Include="TransformUI.h">
      <Filter>Editor\EditorUI\ComponentUI\Transform</Filter>
    </ClInclude>
    <ClInclude Include="LandscapePalette.h">
      <Filter>Editor\EditorUI\ComponentUI\Landscape</Filter>
    </ClInclude>
  </ItemGroup>
  <ItemGroup>
    <Image Include="Client.ico">
      <Filter>Default</Filter>
    </Image>
    <Image Include="small.ico">
      <Filter>Default</Filter>
    </Image>
    <Image Include="Modot_Logo.ico">
      <Filter>Default</Filter>
    </Image>
  </ItemGroup>
  <ItemGroup>
    <ClCompile Include="main.cpp" />
    <ClCompile Include="pch.cpp" />
    <ClCompile Include="EditorUI.cpp">
      <Filter>Editor\EditorUI</Filter>
    </ClCompile>
    <ClCompile Include="ComponentUI.cpp">
      <Filter>Editor\EditorUI\ComponentUI</Filter>
    </ClCompile>
    <ClCompile Include="TreeUI.cpp">
      <Filter>Editor\EditorUI\TreeUI</Filter>
    </ClCompile>
    <ClCompile Include="AssetUI.cpp">
      <Filter>Editor\EditorUI\AssetUI</Filter>
    </ClCompile>
    <ClCompile Include="ComputeShaderUI.cpp">
      <Filter>Editor\EditorUI\AssetUI</Filter>
    </ClCompile>
    <ClCompile Include="AnimationUI.cpp">
      <Filter>Editor\EditorUI\AssetUI</Filter>
    </ClCompile>
    <ClCompile Include="MaterialUI.cpp">
      <Filter>Editor\EditorUI\AssetUI</Filter>
    </ClCompile>
    <ClCompile Include="GraphicShaderUI.cpp">
      <Filter>Editor\EditorUI\AssetUI</Filter>
    </ClCompile>
    <ClCompile Include="MeshDataUI.cpp">
      <Filter>Editor\EditorUI\AssetUI</Filter>
    </ClCompile>
    <ClCompile Include="MeshUI.cpp">
      <Filter>Editor\EditorUI\AssetUI</Filter>
    </ClCompile>
    <ClCompile Include="PrefabUI.cpp">
      <Filter>Editor\EditorUI\AssetUI</Filter>
    </ClCompile>
    <ClCompile Include="SoundUI.cpp">
      <Filter>Editor\EditorUI\AssetUI</Filter>
    </ClCompile>
    <ClCompile Include="SpriteUI.cpp">
      <Filter>Editor\EditorUI\AssetUI</Filter>
    </ClCompile>
    <ClCompile Include="TextureUI.cpp">
      <Filter>Editor\EditorUI\AssetUI</Filter>
    </ClCompile>
    <ClCompile Include="CEditorMgr_EditorUI.cpp">
      <Filter>Editor</Filter>
    </ClCompile>
    <ClCompile Include="CEditorMgr_EditorObject.cpp">
      <Filter>Editor</Filter>
    </ClCompile>
    <ClCompile Include="CEditorMgr.cpp">
      <Filter>Editor</Filter>
    </ClCompile>
    <ClCompile Include="CEditorCameraScript.cpp">
      <Filter>Editor</Filter>
    </ClCompile>
    <ClCompile Include="CGameObjectEx.cpp">
      <Filter>Editor</Filter>
    </ClCompile>
    <ClCompile Include="ImGui\imgui.cpp">
      <Filter>ImGui</Filter>
    </ClCompile>
    <ClCompile Include="ImGui\imgui_demo.cpp">
      <Filter>ImGui</Filter>
    </ClCompile>
    <ClCompile Include="ImGui\imgui_draw.cpp">
      <Filter>ImGui</Filter>
    </ClCompile>
    <ClCompile Include="ImGui\imgui_impl_dx11.cpp">
      <Filter>ImGui</Filter>
    </ClCompile>
    <ClCompile Include="ImGui\imgui_impl_win32.cpp">
      <Filter>ImGui</Filter>
    </ClCompile>
    <ClCompile Include="ImGui\imgui_tables.cpp">
      <Filter>ImGui</Filter>
    </ClCompile>
    <ClCompile Include="ImGui\imgui_widgets.cpp">
      <Filter>ImGui</Filter>
    </ClCompile>
    <ClCompile Include="ImGui\ImGuizmo.cpp">
      <Filter>ImGui</Filter>
    </ClCompile>
    <ClCompile Include="ImGui\imgui_neo_internal.cpp">
      <Filter>ImGui</Filter>
    </ClCompile>
    <ClCompile Include="ImGui\imgui_neo_sequencer.cpp">
      <Filter>ImGui</Filter>
    </ClCompile>
    <ClCompile Include="CTestLevel.cpp">
      <Filter>Editor\TestLevel</Filter>
    </ClCompile>
    <ClCompile Include="TilemapEditor.cpp">
      <Filter>Editor\EditorUI\Modal</Filter>
    </ClCompile>
    <ClCompile Include="CLevelSaveLoad.cpp" />
    <ClCompile Include="SpriteEditor.cpp">
      <Filter>Editor\EditorUI\Modal\SpriteEditor</Filter>
    </ClCompile>
    <ClCompile Include="SE_AtlasView.cpp">
      <Filter>Editor\EditorUI\Modal\SpriteEditor</Filter>
    </ClCompile>
    <ClCompile Include="SE_Detail.cpp">
      <Filter>Editor\EditorUI\Modal\SpriteEditor</Filter>
    </ClCompile>
    <ClCompile Include="SE_Sub.cpp">
      <Filter>Editor\EditorUI\Modal\SpriteEditor</Filter>
    </ClCompile>
    <ClCompile Include="ParamUI.cpp">
      <Filter>Editor\EditorUI\Modal\Util</Filter>
    </ClCompile>
    <ClCompile Include="EditorLogger.cpp">
      <Filter>Editor\EditorUI\Modal\Util</Filter>
    </ClCompile>
    <ClCompile Include="CPlayerManager.cpp">
      <Filter>Editor\TestLevel</Filter>
    </ClCompile>
    <ClCompile Include="EditorViewport.cpp">
      <Filter>Editor\Viewport</Filter>
    </ClCompile>
    <ClCompile Include="Content.cpp">
      <Filter>Editor\EditorUI\Content</Filter>
    </ClCompile>
    <ClCompile Include="HierarchyView.cpp">
      <Filter>Editor\EditorUI\HierarchyView</Filter>
    </ClCompile>
    <ClCompile Include="Inspector.cpp">
      <Filter>Editor\EditorUI\Inspector</Filter>
    </ClCompile>
    <ClCompile Include="Inspector_Init.cpp">
      <Filter>Editor\EditorUI\Inspector</Filter>
    </ClCompile>
    <ClCompile Include="MenuUI.cpp">
      <Filter>Editor\EditorUI\MainMenu</Filter>
    </ClCompile>
    <ClCompile Include="ListUI.cpp">
      <Filter>Editor\EditorUI\Modal\ListUI</Filter>
    </ClCompile>
    <ClCompile Include="FileBrowser.cpp">
      <Filter>Editor\EditorUI\Modal\FileBrowser</Filter>
    </ClCompile>
    <ClCompile Include="CollisionCheck.cpp">
      <Filter>Editor\EditorUI\Modal\Collision</Filter>
    </ClCompile>
    <ClCompile Include="AnimationEditor.cpp">
      <Filter>Editor\EditorUI\Modal\AnimationEditor</Filter>
    </ClCompile>
    <ClCompile Include="TexturePreview.cpp">
      <Filter>Editor\EditorUI\Modal\TexturePreview</Filter>
    </ClCompile>
    <ClCompile Include="ModotHelpers.cpp">
      <Filter>Editor\EditorUI\Modal\Util</Filter>
    </ClCompile>
    <ClCompile Include="Animator2DUI.cpp">
      <Filter>Editor\EditorUI\ComponentUI\Animator2D</Filter>
    </ClCompile>
    <ClCompile Include="CameraUI.cpp">
      <Filter>Editor\EditorUI\ComponentUI\Camera</Filter>
    </ClCompile>
    <ClCompile Include="Collider2DUI.cpp">
      <Filter>Editor\EditorUI\ComponentUI\Collider</Filter>
    </ClCompile>
    <ClCompile Include="DecalUI.cpp">
      <Filter>Editor\EditorUI\ComponentUI\Decal</Filter>
    </ClCompile>
    <ClCompile Include="LandscapeUI.cpp">
      <Filter>Editor\EditorUI\ComponentUI\Landscape</Filter>
    </ClCompile>
    <ClCompile Include="Light2DUI.cpp">
      <Filter>Editor\EditorUI\ComponentUI\Light</Filter>
    </ClCompile>
    <ClCompile Include="Light3DUI.cpp">
      <Filter>Editor\EditorUI\ComponentUI\Light</Filter>
    </ClCompile>
    <ClCompile Include="MeshRenderUI.cpp">
      <Filter>Editor\EditorUI\ComponentUI\Mesh</Filter>
    </ClCompile>
    <ClCompile Include="SkyBoxUI.cpp">
      <Filter>Editor\EditorUI\ComponentUI\Skybox</Filter>
    </ClCompile>
    <ClCompile Include="ParticleSystemUI.cpp">
      <Filter>Editor\EditorUI\ComponentUI\ParticleSystem</Filter>
    </ClCompile>
    <ClCompile Include="ScriptUI.cpp">
      <Filter>Editor\EditorUI\ComponentUI\Script</Filter>
    </ClCompile>
    <ClCompile Include="RigidBodyUI.cpp">
      <Filter>Editor\EditorUI\ComponentUI\RigidBody</Filter>
    </ClCompile>
    <ClCompile Include="TextRenderUI.cpp">
      <Filter>Editor\EditorUI\ComponentUI\Text</Filter>
    </ClCompile>
    <ClCompile Include="TileMapUI.cpp">
      <Filter>Editor\EditorUI\ComponentUI\Tilemap</Filter>
    </ClCompile>
    <ClCompile Include="TransformUI.cpp">
      <Filter>Editor\EditorUI\ComponentUI\Transform</Filter>
    </ClCompile>
    <ClCompile Include="LandscapePalette.cpp">
      <Filter>Editor\EditorUI\ComponentUI\Landscape</Filter>
    </ClCompile>
  </ItemGroup>
  <ItemGroup>
    <ResourceCompile Include="Client.rc">
      <Filter>Default</Filter>
    </ResourceCompile>
  </ItemGroup>
  <ItemGroup>
    <Text Include="ImGui\LICENSE.txt">
      <Filter>ImGui</Filter>
    </Text>
  </ItemGroup>
</Project>