<?xml version="1.0" encoding="utf-8"?>
<Project ToolsVersion="4.0" xmlns="http://schemas.microsoft.com/developer/msbuild/2003">
  <ItemGroup>
    <Filter Include="Default">
      <UniqueIdentifier>{08e0f42e-92b4-437d-8778-bb22ee001197}</UniqueIdentifier>
    </Filter>
    <Filter Include="ImGui">
      <UniqueIdentifier>{25fe6411-e6de-4b8a-93aa-b9af87587a74}</UniqueIdentifier>
    </Filter>
    <Filter Include="Editor">
      <UniqueIdentifier>{63348e22-ff48-40df-b216-214c41a362c3}</UniqueIdentifier>
    </Filter>
    <Filter Include="Editor\EditorUI">
      <UniqueIdentifier>{2d24d02b-b97e-4156-a45a-259763995f7d}</UniqueIdentifier>
    </Filter>
    <Filter Include="Editor\EditorUI\ComponentUI">
      <UniqueIdentifier>{b58fc115-27c6-4e30-9b14-eb628cd25971}</UniqueIdentifier>
    </Filter>
    <Filter Include="Editor\EditorUI\TreeUI">
      <UniqueIdentifier>{cdc961bd-cf76-4a7d-aac2-851ca6529aa8}</UniqueIdentifier>
    </Filter>
    <Filter Include="Editor\EditorUI\AssetUI">
      <UniqueIdentifier>{953a50ae-db84-469f-b387-0355ff7c45fe}</UniqueIdentifier>
    </Filter>
    <Filter Include="Editor\EditorUI\Modal">
      <UniqueIdentifier>{0a9f70d1-1e8b-4e6d-906a-41aab1809d44}</UniqueIdentifier>
    </Filter>
    <Filter Include="Editor\TestLevel">
      <UniqueIdentifier>{a9c73831-6426-4d14-8c1b-aec407704a30}</UniqueIdentifier>
    </Filter>
    <Filter Include="Editor\EditorUI\Modal\SpriteEditor">
      <UniqueIdentifier>{26008389-e181-4a34-b5d8-e0b5bd69acdc}</UniqueIdentifier>
    </Filter>
    <Filter Include="Editor\EditorUI\Modal\Util">
      <UniqueIdentifier>{11ddf1b5-fe19-43fb-b5db-c73257e41210}</UniqueIdentifier>
    </Filter>
  </ItemGroup>
  <ItemGroup>
    <ClInclude Include="Client.h">
      <Filter>Default</Filter>
    </ClInclude>
    <ClInclude Include="framework.h">
      <Filter>Default</Filter>
    </ClInclude>
    <ClInclude Include="Resource.h">
      <Filter>Default</Filter>
    </ClInclude>
    <ClInclude Include="targetver.h">
      <Filter>Default</Filter>
    </ClInclude>
    <ClInclude Include="pch.h" />
    <ClInclude Include="EditorUI.h">
      <Filter>Editor\EditorUI</Filter>
    </ClInclude>
    <ClInclude Include="Inspector.h">
      <Filter>Editor\EditorUI</Filter>
    </ClInclude>
    <ClInclude Include="Content.h">
      <Filter>Editor\EditorUI</Filter>
    </ClInclude>
    <ClInclude Include="HierarchyView.h">
      <Filter>Editor\EditorUI</Filter>
    </ClInclude>
    <ClInclude Include="ListUI.h">
      <Filter>Editor\EditorUI</Filter>
    </ClInclude>
    <ClInclude Include="ComponentUI.h">
      <Filter>Editor\EditorUI\ComponentUI</Filter>
    </ClInclude>
    <ClInclude Include="ParticleSystemUI.h">
      <Filter>Editor\EditorUI\ComponentUI</Filter>
    </ClInclude>
    <ClInclude Include="TransformUI.h">
      <Filter>Editor\EditorUI\ComponentUI</Filter>
    </ClInclude>
    <ClInclude Include="MeshRenderUI.h">
      <Filter>Editor\EditorUI\ComponentUI</Filter>
    </ClInclude>
    <ClInclude Include="CameraUI.h">
      <Filter>Editor\EditorUI\ComponentUI</Filter>
    </ClInclude>
    <ClInclude Include="Animator2DUI.h">
      <Filter>Editor\EditorUI\ComponentUI</Filter>
    </ClInclude>
    <ClInclude Include="TilemapUI.h">
      <Filter>Editor\EditorUI\ComponentUI</Filter>
    </ClInclude>
    <ClInclude Include="Light2DUI.h">
      <Filter>Editor\EditorUI\ComponentUI</Filter>
    </ClInclude>
    <ClInclude Include="TreeUI.h">
      <Filter>Editor\EditorUI\TreeUI</Filter>
    </ClInclude>
    <ClInclude Include="AssetUI.h">
      <Filter>Editor\EditorUI\AssetUI</Filter>
    </ClInclude>
    <ClInclude Include="ComputeShaderUI.h">
      <Filter>Editor\EditorUI\AssetUI</Filter>
    </ClInclude>
    <ClInclude Include="AnimationUI.h">
      <Filter>Editor\EditorUI\AssetUI</Filter>
    </ClInclude>
    <ClInclude Include="Collider2DUI.h">
      <Filter>Editor\EditorUI\ComponentUI</Filter>
    </ClInclude>
    <ClInclude Include="MaterialUI.h">
      <Filter>Editor\EditorUI\AssetUI</Filter>
    </ClInclude>
    <ClInclude Include="GraphicShaderUI.h">
      <Filter>Editor\EditorUI\AssetUI</Filter>
    </ClInclude>
    <ClInclude Include="MeshDataUI.h">
      <Filter>Editor\EditorUI\AssetUI</Filter>
    </ClInclude>
    <ClInclude Include="MeshUI.h">
      <Filter>Editor\EditorUI\AssetUI</Filter>
    </ClInclude>
    <ClInclude Include="PrefabUI.h">
      <Filter>Editor\EditorUI\AssetUI</Filter>
    </ClInclude>
    <ClInclude Include="SoundUI.h">
      <Filter>Editor\EditorUI\AssetUI</Filter>
    </ClInclude>
    <ClInclude Include="SpriteUI.h">
      <Filter>Editor\EditorUI\AssetUI</Filter>
    </ClInclude>
    <ClInclude Include="TextureUI.h">
      <Filter>Editor\EditorUI\AssetUI</Filter>
    </ClInclude>
    <ClInclude Include="CEditorMgr.h">
      <Filter>Editor</Filter>
    </ClInclude>
    <ClInclude Include="CEditorCameraScript.h">
      <Filter>Editor</Filter>
    </ClInclude>
    <ClInclude Include="CGameObjectEx.h">
      <Filter>Editor</Filter>
    </ClInclude>
    <ClInclude Include="ImGui\imconfig.h">
      <Filter>ImGui</Filter>
    </ClInclude>
    <ClInclude Include="ImGui\imgui.h">
      <Filter>ImGui</Filter>
    </ClInclude>
    <ClInclude Include="ImGui\imgui_impl_dx11.h">
      <Filter>ImGui</Filter>
    </ClInclude>
    <ClInclude Include="ImGui\imgui_impl_win32.h">
      <Filter>ImGui</Filter>
    </ClInclude>
    <ClInclude Include="ImGui\imgui_internal.h">
      <Filter>ImGui</Filter>
    </ClInclude>
    <ClInclude Include="ImGui\imstb_rectpack.h">
      <Filter>ImGui</Filter>
    </ClInclude>
    <ClInclude Include="ImGui\imstb_textedit.h">
      <Filter>ImGui</Filter>
    </ClInclude>
    <ClInclude Include="ImGui\imstb_truetype.h">
      <Filter>ImGui</Filter>
    </ClInclude>
    <ClInclude Include="ImGui\ImGuizmo.h">
      <Filter>ImGui</Filter>
    </ClInclude>
    <ClInclude Include="ImGui\imgui_neo_internal.h">
      <Filter>ImGui</Filter>
    </ClInclude>
    <ClInclude Include="ImGui\imgui_neo_sequencer.h">
      <Filter>ImGui</Filter>
    </ClInclude>
    <ClInclude Include="AnimationEditor.h">
      <Filter>Editor\EditorUI\Modal</Filter>
    </ClInclude>
    <ClInclude Include="FileBrowser.h">
      <Filter>Editor\EditorUI\Modal</Filter>
    </ClInclude>
    <ClInclude Include="MenuUI.h">
      <Filter>Editor\EditorUI</Filter>
    </ClInclude>
    <ClInclude Include="CTestLevel.h">
      <Filter>Editor\TestLevel</Filter>
    </ClInclude>
    <ClInclude Include="ImGui\IconsFontAwesome4.h">
      <Filter>ImGui</Filter>
    </ClInclude>
    <ClInclude Include="ScriptUI.h">
      <Filter>Editor\EditorUI\ComponentUI</Filter>
    </ClInclude>
    <ClInclude Include="RigidBodyUI.h">
      <Filter>Editor\EditorUI\ComponentUI</Filter>
    </ClInclude>
    <ClInclude Include="TilemapEditor.h">
      <Filter>Editor\EditorUI\Modal</Filter>
    </ClInclude>
    <ClInclude Include="CLevelSaveLoad.h" />
    <ClInclude Include="SpriteEditor.h">
      <Filter>Editor\EditorUI\Modal\SpriteEditor</Filter>
    </ClInclude>
    <ClInclude Include="SE_AtlasView.h">
      <Filter>Editor\EditorUI\Modal\SpriteEditor</Filter>
    </ClInclude>
    <ClInclude Include="SE_Detail.h">
      <Filter>Editor\EditorUI\Modal\SpriteEditor</Filter>
    </ClInclude>
    <ClInclude Include="SE_Sub.h">
      <Filter>Editor\EditorUI\Modal\SpriteEditor</Filter>
    </ClInclude>
    <ClInclude Include="ParamUI.h">
      <Filter>Editor\EditorUI\Modal\Util</Filter>
    </ClInclude>
    <ClInclude Include="CollisionCheck.h">
      <Filter>Editor\EditorUI\Modal</Filter>
    </ClInclude>
    <ClInclude Include="EditorLogger.h">
      <Filter>Editor\EditorUI\Modal\Util</Filter>
    </ClInclude>
    <ClInclude Include="CPlayerManager.h">
      <Filter>Editor\TestLevel</Filter>
    </ClInclude>
    <ClInclude Include="TextRenderUI.h">
      <Filter>Editor\EditorUI\ComponentUI</Filter>
    </ClInclude>
    <ClInclude Include="Light3DUI.h">
      <Filter>Editor\EditorUI\ComponentUI</Filter>
    </ClInclude>
    <ClInclude Include="SkyBoxUI.h">
      <Filter>Editor\EditorUI\ComponentUI</Filter>
    </ClInclude>
  </ItemGroup>
  <ItemGroup>
    <Image Include="Client.ico">
      <Filter>Default</Filter>
    </Image>
    <Image Include="small.ico">
      <Filter>Default</Filter>
    </Image>
    <Image Include="Modot_Logo.ico">
      <Filter>Default</Filter>
    </Image>
  </ItemGroup>
  <ItemGroup>
    <ClCompile Include="main.cpp" />
    <ClCompile Include="pch.cpp" />
    <ClCompile Include="EditorUI.cpp">
      <Filter>Editor\EditorUI</Filter>
    </ClCompile>
    <ClCompile Include="Content.cpp">
      <Filter>Editor\EditorUI</Filter>
    </ClCompile>
    <ClCompile Include="HierarchyView.cpp">
      <Filter>Editor\EditorUI</Filter>
    </ClCompile>
    <ClCompile Include="Inspector.cpp">
      <Filter>Editor\EditorUI</Filter>
    </ClCompile>
    <ClCompile Include="ListUI.cpp">
      <Filter>Editor\EditorUI</Filter>
    </ClCompile>
    <ClCompile Include="ComponentUI.cpp">
      <Filter>Editor\EditorUI\ComponentUI</Filter>
    </ClCompile>
    <ClCompile Include="ParticleSystemUI.cpp">
      <Filter>Editor\EditorUI\ComponentUI</Filter>
    </ClCompile>
    <ClCompile Include="TransformUI.cpp">
      <Filter>Editor\EditorUI\ComponentUI</Filter>
    </ClCompile>
    <ClCompile Include="MeshRenderUI.cpp">
      <Filter>Editor\EditorUI\ComponentUI</Filter>
    </ClCompile>
    <ClCompile Include="CameraUI.cpp">
      <Filter>Editor\EditorUI\ComponentUI</Filter>
    </ClCompile>
    <ClCompile Include="Animator2DUI.cpp">
      <Filter>Editor\EditorUI\ComponentUI</Filter>
    </ClCompile>
    <ClCompile Include="TilemapUI.cpp">
      <Filter>Editor\EditorUI\ComponentUI</Filter>
    </ClCompile>
    <ClCompile Include="Light2DUI.cpp">
      <Filter>Editor\EditorUI\ComponentUI</Filter>
    </ClCompile>
    <ClCompile Include="TreeUI.cpp">
      <Filter>Editor\EditorUI\TreeUI</Filter>
    </ClCompile>
    <ClCompile Include="AssetUI.cpp">
      <Filter>Editor\EditorUI\AssetUI</Filter>
    </ClCompile>
    <ClCompile Include="ComputeShaderUI.cpp">
      <Filter>Editor\EditorUI\AssetUI</Filter>
    </ClCompile>
    <ClCompile Include="AnimationUI.cpp">
      <Filter>Editor\EditorUI\AssetUI</Filter>
    </ClCompile>
    <ClCompile Include="Inspector_Init.cpp">
      <Filter>Editor\EditorUI</Filter>
    </ClCompile>
    <ClCompile Include="Collider2DUI.cpp">
      <Filter>Editor\EditorUI\ComponentUI</Filter>
    </ClCompile>
    <ClCompile Include="MaterialUI.cpp">
      <Filter>Editor\EditorUI\AssetUI</Filter>
    </ClCompile>
    <ClCompile Include="GraphicShaderUI.cpp">
      <Filter>Editor\EditorUI\AssetUI</Filter>
    </ClCompile>
    <ClCompile Include="MeshDataUI.cpp">
      <Filter>Editor\EditorUI\AssetUI</Filter>
    </ClCompile>
    <ClCompile Include="MeshUI.cpp">
      <Filter>Editor\EditorUI\AssetUI</Filter>
    </ClCompile>
    <ClCompile Include="PrefabUI.cpp">
      <Filter>Editor\EditorUI\AssetUI</Filter>
    </ClCompile>
    <ClCompile Include="SoundUI.cpp">
      <Filter>Editor\EditorUI\AssetUI</Filter>
    </ClCompile>
    <ClCompile Include="SpriteUI.cpp">
      <Filter>Editor\EditorUI\AssetUI</Filter>
    </ClCompile>
    <ClCompile Include="TextureUI.cpp">
      <Filter>Editor\EditorUI\AssetUI</Filter>
    </ClCompile>
    <ClCompile Include="CEditorMgr_EditorUI.cpp">
      <Filter>Editor</Filter>
    </ClCompile>
    <ClCompile Include="CEditorMgr_EditorObject.cpp">
      <Filter>Editor</Filter>
    </ClCompile>
    <ClCompile Include="CEditorMgr.cpp">
      <Filter>Editor</Filter>
    </ClCompile>
    <ClCompile Include="CEditorCameraScript.cpp">
      <Filter>Editor</Filter>
    </ClCompile>
    <ClCompile Include="CGameObjectEx.cpp">
      <Filter>Editor</Filter>
    </ClCompile>
    <ClCompile Include="ImGui\imgui.cpp">
      <Filter>ImGui</Filter>
    </ClCompile>
    <ClCompile Include="ImGui\imgui_demo.cpp">
      <Filter>ImGui</Filter>
    </ClCompile>
    <ClCompile Include="ImGui\imgui_draw.cpp">
      <Filter>ImGui</Filter>
    </ClCompile>
    <ClCompile Include="ImGui\imgui_impl_dx11.cpp">
      <Filter>ImGui</Filter>
    </ClCompile>
    <ClCompile Include="ImGui\imgui_impl_win32.cpp">
      <Filter>ImGui</Filter>
    </ClCompile>
    <ClCompile Include="ImGui\imgui_tables.cpp">
      <Filter>ImGui</Filter>
    </ClCompile>
    <ClCompile Include="ImGui\imgui_widgets.cpp">
      <Filter>ImGui</Filter>
    </ClCompile>
    <ClCompile Include="ImGui\ImGuizmo.cpp">
      <Filter>ImGui</Filter>
    </ClCompile>
    <ClCompile Include="ImGui\imgui_neo_internal.cpp">
      <Filter>ImGui</Filter>
    </ClCompile>
    <ClCompile Include="ImGui\imgui_neo_sequencer.cpp">
      <Filter>ImGui</Filter>
    </ClCompile>
    <ClCompile Include="AnimationEditor.cpp">
      <Filter>Editor\EditorUI\Modal</Filter>
    </ClCompile>
    <ClCompile Include="FileBrowser.cpp">
      <Filter>Editor\EditorUI\Modal</Filter>
    </ClCompile>
    <ClCompile Include="MenuUI.cpp">
      <Filter>Editor\EditorUI</Filter>
    </ClCompile>
    <ClCompile Include="CTestLevel.cpp">
      <Filter>Editor\TestLevel</Filter>
    </ClCompile>
    <ClCompile Include="ScriptUI.cpp">
      <Filter>Editor\EditorUI\ComponentUI</Filter>
    </ClCompile>
    <ClCompile Include="RigidBodyUI.cpp">
      <Filter>Editor\EditorUI\ComponentUI</Filter>
    </ClCompile>
    <ClCompile Include="TilemapEditor.cpp">
      <Filter>Editor\EditorUI\Modal</Filter>
    </ClCompile>
    <ClCompile Include="CLevelSaveLoad.cpp" />
    <ClCompile Include="SpriteEditor.cpp">
      <Filter>Editor\EditorUI\Modal\SpriteEditor</Filter>
    </ClCompile>
    <ClCompile Include="SE_AtlasView.cpp">
      <Filter>Editor\EditorUI\Modal\SpriteEditor</Filter>
    </ClCompile>
    <ClCompile Include="SE_Detail.cpp">
      <Filter>Editor\EditorUI\Modal\SpriteEditor</Filter>
    </ClCompile>
    <ClCompile Include="SE_Sub.cpp">
      <Filter>Editor\EditorUI\Modal\SpriteEditor</Filter>
    </ClCompile>
    <ClCompile Include="ParamUI.cpp">
      <Filter>Editor\EditorUI\Modal\Util</Filter>
    </ClCompile>
    <ClCompile Include="CollisionCheck.cpp">
      <Filter>Editor\EditorUI\Modal</Filter>
    </ClCompile>
    <ClCompile Include="EditorLogger.cpp">
      <Filter>Editor\EditorUI\Modal\Util</Filter>
    </ClCompile>
    <ClCompile Include="CPlayerManager.cpp">
      <Filter>Editor\TestLevel</Filter>
    </ClCompile>
    <ClCompile Include="TextRenderUI.cpp">
      <Filter>Editor\EditorUI\ComponentUI</Filter>
    </ClCompile>
    <ClCompile Include="Light3DUI.cpp">
      <Filter>Editor\EditorUI\ComponentUI</Filter>
    </ClCompile>
    <ClCompile Include="SkyBoxUI.cpp">
      <Filter>Editor\EditorUI\ComponentUI</Filter>
    </ClCompile>
  </ItemGroup>
  <ItemGroup>
    <ResourceCompile Include="Client.rc">
      <Filter>Default</Filter>
    </ResourceCompile>
  </ItemGroup>
  <ItemGroup>
    <Text Include="ImGui\LICENSE.txt">
      <Filter>ImGui</Filter>
    </Text>
  </ItemGroup>
</Project>